// !$*UTF8*$!
{
	archiveVersion = 1;
	classes = {
	};
	objectVersion = 46;
	objects = {

/* Begin PBXBuildFile section */
		3F5E8F2D1B52D6D1002E08FF /* AppDelegate.swift in Sources */ = {isa = PBXBuildFile; fileRef = 3F5E8F2C1B52D6D1002E08FF /* AppDelegate.swift */; };
		3F5E8F2F1B52D6D1002E08FF /* StartupViewController.swift in Sources */ = {isa = PBXBuildFile; fileRef = 3F5E8F2E1B52D6D1002E08FF /* StartupViewController.swift */; };
		3F5E8F321B52D6D1002E08FF /* Main.storyboard in Resources */ = {isa = PBXBuildFile; fileRef = 3F5E8F301B52D6D1002E08FF /* Main.storyboard */; };
		3F5E8F341B52D6D1002E08FF /* Images.xcassets in Resources */ = {isa = PBXBuildFile; fileRef = 3F5E8F331B52D6D1002E08FF /* Images.xcassets */; };
		3F5E8F371B52D6D1002E08FF /* LaunchScreen.xib in Resources */ = {isa = PBXBuildFile; fileRef = 3F5E8F351B52D6D1002E08FF /* LaunchScreen.xib */; };
		3F5E8F431B52D6D1002E08FF /* ShopmiumTests.swift in Sources */ = {isa = PBXBuildFile; fileRef = 3F5E8F421B52D6D1002E08FF /* ShopmiumTests.swift */; };
		3F5E8F561B52E819002E08FF /* UIView+XibConfiguration.m in Sources */ = {isa = PBXBuildFile; fileRef = 3F5E8F551B52E819002E08FF /* UIView+XibConfiguration.m */; };
		3F5E8F581B52FB54002E08FF /* SignupViewController.swift in Sources */ = {isa = PBXBuildFile; fileRef = 3F5E8F571B52FB54002E08FF /* SignupViewController.swift */; };
		3F7E6BD91B53BCCD008F05C7 /* User.swift in Sources */ = {isa = PBXBuildFile; fileRef = 3F7E6BD81B53BCCD008F05C7 /* User.swift */; };
		3F7E6BDC1B53BF5D008F05C7 /* AccountManager.swift in Sources */ = {isa = PBXBuildFile; fileRef = 3F7E6BDB1B53BF5D008F05C7 /* AccountManager.swift */; };
		3F7E6BE31B53C9CF008F05C7 /* ArrayExtensions.swift in Sources */ = {isa = PBXBuildFile; fileRef = 3F7E6BDE1B53C9CE008F05C7 /* ArrayExtensions.swift */; };
		3F7E6BE51B53C9CF008F05C7 /* RACExtensions.swift in Sources */ = {isa = PBXBuildFile; fileRef = 3F7E6BE01B53C9CE008F05C7 /* RACExtensions.swift */; };
		3F7E6BE61B53C9CF008F05C7 /* SwiftExtensions.swift in Sources */ = {isa = PBXBuildFile; fileRef = 3F7E6BE11B53C9CE008F05C7 /* SwiftExtensions.swift */; };
		3F7E6BE71B53C9CF008F05C7 /* UIViewExtensions.swift in Sources */ = {isa = PBXBuildFile; fileRef = 3F7E6BE21B53C9CF008F05C7 /* UIViewExtensions.swift */; };
		3F7E6BE91B53CB3D008F05C7 /* StringExtensions.swift in Sources */ = {isa = PBXBuildFile; fileRef = 3F7E6BE81B53CB3D008F05C7 /* StringExtensions.swift */; };
		3F7E6BEB1B53E0AC008F05C7 /* RootMenuViewController.swift in Sources */ = {isa = PBXBuildFile; fileRef = 3F7E6BEA1B53E0AC008F05C7 /* RootMenuViewController.swift */; };
		3F7E6BED1B53E0DF008F05C7 /* LeftMenuViewController.swift in Sources */ = {isa = PBXBuildFile; fileRef = 3F7E6BEC1B53E0DF008F05C7 /* LeftMenuViewController.swift */; };
		3F7E6BEF1B53E14A008F05C7 /* CentralViewController.swift in Sources */ = {isa = PBXBuildFile; fileRef = 3F7E6BEE1B53E14A008F05C7 /* CentralViewController.swift */; };
		3FA6208A1B53FA630037284C /* Localizable.strings in Resources */ = {isa = PBXBuildFile; fileRef = 3FA6208C1B53FA630037284C /* Localizable.strings */; };
		D18A15F5D50F54A7D7DFB4F5 /* Pods_Shopmium.framework in Frameworks */ = {isa = PBXBuildFile; fileRef = DB3A0094CE6472DCE314897E /* Pods_Shopmium.framework */; settings = {ATTRIBUTES = (Weak, ); }; };
/* End PBXBuildFile section */

/* Begin PBXContainerItemProxy section */
		3F5E8F3D1B52D6D1002E08FF /* PBXContainerItemProxy */ = {
			isa = PBXContainerItemProxy;
			containerPortal = 3F5E8F1F1B52D6D1002E08FF /* Project object */;
			proxyType = 1;
			remoteGlobalIDString = 3F5E8F261B52D6D1002E08FF;
			remoteInfo = Shopmium;
		};
/* End PBXContainerItemProxy section */

/* Begin PBXFileReference section */
		10A45D914D478AA477107AB4 /* Pods-Shopmium.debug.xcconfig */ = {isa = PBXFileReference; includeInIndex = 1; lastKnownFileType = text.xcconfig; name = "Pods-Shopmium.debug.xcconfig"; path = "Pods/Target Support Files/Pods-Shopmium/Pods-Shopmium.debug.xcconfig"; sourceTree = "<group>"; };
		3F5E8F271B52D6D1002E08FF /* Shopmium.app */ = {isa = PBXFileReference; explicitFileType = wrapper.application; includeInIndex = 0; path = Shopmium.app; sourceTree = BUILT_PRODUCTS_DIR; };
		3F5E8F2B1B52D6D1002E08FF /* Info.plist */ = {isa = PBXFileReference; lastKnownFileType = text.plist.xml; path = Info.plist; sourceTree = "<group>"; };
		3F5E8F2C1B52D6D1002E08FF /* AppDelegate.swift */ = {isa = PBXFileReference; lastKnownFileType = sourcecode.swift; path = AppDelegate.swift; sourceTree = "<group>"; };
		3F5E8F2E1B52D6D1002E08FF /* StartupViewController.swift */ = {isa = PBXFileReference; lastKnownFileType = sourcecode.swift; path = StartupViewController.swift; sourceTree = "<group>"; };
		3F5E8F311B52D6D1002E08FF /* Base */ = {isa = PBXFileReference; lastKnownFileType = file.storyboard; name = Base; path = Base.lproj/Main.storyboard; sourceTree = "<group>"; };
		3F5E8F331B52D6D1002E08FF /* Images.xcassets */ = {isa = PBXFileReference; lastKnownFileType = folder.assetcatalog; path = Images.xcassets; sourceTree = "<group>"; };
		3F5E8F361B52D6D1002E08FF /* Base */ = {isa = PBXFileReference; lastKnownFileType = file.xib; name = Base; path = Base.lproj/LaunchScreen.xib; sourceTree = "<group>"; };
		3F5E8F3C1B52D6D1002E08FF /* ShopmiumTests.xctest */ = {isa = PBXFileReference; explicitFileType = wrapper.cfbundle; includeInIndex = 0; path = ShopmiumTests.xctest; sourceTree = BUILT_PRODUCTS_DIR; };
		3F5E8F411B52D6D1002E08FF /* Info.plist */ = {isa = PBXFileReference; lastKnownFileType = text.plist.xml; path = Info.plist; sourceTree = "<group>"; };
		3F5E8F421B52D6D1002E08FF /* ShopmiumTests.swift */ = {isa = PBXFileReference; lastKnownFileType = sourcecode.swift; path = ShopmiumTests.swift; sourceTree = "<group>"; };
		3F5E8F501B52E777002E08FF /* Shopmium-Bridging-Header.h */ = {isa = PBXFileReference; lastKnownFileType = sourcecode.c.h; path = "Shopmium-Bridging-Header.h"; sourceTree = "<group>"; };
		3F5E8F541B52E819002E08FF /* UIView+XibConfiguration.h */ = {isa = PBXFileReference; fileEncoding = 4; lastKnownFileType = sourcecode.c.h; path = "UIView+XibConfiguration.h"; sourceTree = "<group>"; };
		3F5E8F551B52E819002E08FF /* UIView+XibConfiguration.m */ = {isa = PBXFileReference; fileEncoding = 4; lastKnownFileType = sourcecode.c.objc; path = "UIView+XibConfiguration.m"; sourceTree = "<group>"; };
		3F5E8F571B52FB54002E08FF /* SignupViewController.swift */ = {isa = PBXFileReference; fileEncoding = 4; lastKnownFileType = sourcecode.swift; path = SignupViewController.swift; sourceTree = "<group>"; };
		3F7E6BD81B53BCCD008F05C7 /* User.swift */ = {isa = PBXFileReference; fileEncoding = 4; lastKnownFileType = sourcecode.swift; name = User.swift; path = Models/User.swift; sourceTree = "<group>"; };
		3F7E6BDB1B53BF5D008F05C7 /* AccountManager.swift */ = {isa = PBXFileReference; fileEncoding = 4; lastKnownFileType = sourcecode.swift; name = AccountManager.swift; path = Managers/AccountManager.swift; sourceTree = "<group>"; };
		3F7E6BDE1B53C9CE008F05C7 /* ArrayExtensions.swift */ = {isa = PBXFileReference; fileEncoding = 4; lastKnownFileType = sourcecode.swift; path = ArrayExtensions.swift; sourceTree = "<group>"; };
		3F7E6BE01B53C9CE008F05C7 /* RACExtensions.swift */ = {isa = PBXFileReference; fileEncoding = 4; lastKnownFileType = sourcecode.swift; path = RACExtensions.swift; sourceTree = "<group>"; };
		3F7E6BE11B53C9CE008F05C7 /* SwiftExtensions.swift */ = {isa = PBXFileReference; fileEncoding = 4; lastKnownFileType = sourcecode.swift; path = SwiftExtensions.swift; sourceTree = "<group>"; };
		3F7E6BE21B53C9CF008F05C7 /* UIViewExtensions.swift */ = {isa = PBXFileReference; fileEncoding = 4; lastKnownFileType = sourcecode.swift; path = UIViewExtensions.swift; sourceTree = "<group>"; };
		3F7E6BE81B53CB3D008F05C7 /* StringExtensions.swift */ = {isa = PBXFileReference; fileEncoding = 4; lastKnownFileType = sourcecode.swift; path = StringExtensions.swift; sourceTree = "<group>"; };
		3F7E6BEA1B53E0AC008F05C7 /* RootMenuViewController.swift */ = {isa = PBXFileReference; fileEncoding = 4; lastKnownFileType = sourcecode.swift; path = RootMenuViewController.swift; sourceTree = "<group>"; };
		3F7E6BEC1B53E0DF008F05C7 /* LeftMenuViewController.swift */ = {isa = PBXFileReference; fileEncoding = 4; lastKnownFileType = sourcecode.swift; path = LeftMenuViewController.swift; sourceTree = "<group>"; };
		3F7E6BEE1B53E14A008F05C7 /* CentralViewController.swift */ = {isa = PBXFileReference; fileEncoding = 4; lastKnownFileType = sourcecode.swift; path = CentralViewController.swift; sourceTree = "<group>"; };
		3FA6208B1B53FA630037284C /* Base */ = {isa = PBXFileReference; lastKnownFileType = text.plist.strings; name = Base; path = Base.lproj/Localizable.strings; sourceTree = "<group>"; };
		3FA6208E1B53FA780037284C /* en */ = {isa = PBXFileReference; lastKnownFileType = text.plist.strings; name = en; path = en.lproj/Localizable.strings; sourceTree = "<group>"; };
		3FA620921B53FE2A0037284C /* en */ = {isa = PBXFileReference; lastKnownFileType = text.plist.strings; name = en; path = en.lproj/Main.strings; sourceTree = "<group>"; };
		6DEF70246C21B2C3D8970CB0 /* Pods-Shopmium.release.xcconfig */ = {isa = PBXFileReference; includeInIndex = 1; lastKnownFileType = text.xcconfig; name = "Pods-Shopmium.release.xcconfig"; path = "Pods/Target Support Files/Pods-Shopmium/Pods-Shopmium.release.xcconfig"; sourceTree = "<group>"; };
		DB3A0094CE6472DCE314897E /* Pods_Shopmium.framework */ = {isa = PBXFileReference; explicitFileType = wrapper.framework; includeInIndex = 0; path = Pods_Shopmium.framework; sourceTree = BUILT_PRODUCTS_DIR; };
/* End PBXFileReference section */

/* Begin PBXFrameworksBuildPhase section */
		3F5E8F241B52D6D1002E08FF /* Frameworks */ = {
			isa = PBXFrameworksBuildPhase;
			buildActionMask = 2147483647;
			files = (
				D18A15F5D50F54A7D7DFB4F5 /* Pods_Shopmium.framework in Frameworks */,
			);
			runOnlyForDeploymentPostprocessing = 0;
		};
		3F5E8F391B52D6D1002E08FF /* Frameworks */ = {
			isa = PBXFrameworksBuildPhase;
			buildActionMask = 2147483647;
			files = (
			);
			runOnlyForDeploymentPostprocessing = 0;
		};
/* End PBXFrameworksBuildPhase section */

/* Begin PBXGroup section */
		234BA771FA2C7B1E878FE0BA /* Frameworks */ = {
			isa = PBXGroup;
			children = (
				DB3A0094CE6472DCE314897E /* Pods_Shopmium.framework */,
			);
			name = Frameworks;
			sourceTree = "<group>";
		};
		3F5E8F1E1B52D6D1002E08FF = {
			isa = PBXGroup;
			children = (
				3F5E8F291B52D6D1002E08FF /* Shopmium */,
				3F5E8F3F1B52D6D1002E08FF /* ShopmiumTests */,
				3F5E8F281B52D6D1002E08FF /* Products */,
				BE2D05A7AC713B10230F993E /* Pods */,
				234BA771FA2C7B1E878FE0BA /* Frameworks */,
			);
			sourceTree = "<group>";
		};
		3F5E8F281B52D6D1002E08FF /* Products */ = {
			isa = PBXGroup;
			children = (
				3F5E8F271B52D6D1002E08FF /* Shopmium.app */,
				3F5E8F3C1B52D6D1002E08FF /* ShopmiumTests.xctest */,
			);
			name = Products;
			sourceTree = "<group>";
		};
		3F5E8F291B52D6D1002E08FF /* Shopmium */ = {
			isa = PBXGroup;
			children = (
				3F7E6BDD1B53C9CE008F05C7 /* Extensions */,
				3F7E6BDA1B53BF26008F05C7 /* Managers */,
				3F7E6BD71B53BC86008F05C7 /* Models */,
				3F5E8F591B52FB61002E08FF /* ViewControllers */,
				3F5E8F4E1B52E769002E08FF /* ObjC */,
				3F5E8F2C1B52D6D1002E08FF /* AppDelegate.swift */,
				3F5E8F301B52D6D1002E08FF /* Main.storyboard */,
				3F5E8F331B52D6D1002E08FF /* Images.xcassets */,
				3F5E8F351B52D6D1002E08FF /* LaunchScreen.xib */,
				3F5E8F2A1B52D6D1002E08FF /* Supporting Files */,
			);
			path = Shopmium;
			sourceTree = "<group>";
		};
		3F5E8F2A1B52D6D1002E08FF /* Supporting Files */ = {
			isa = PBXGroup;
			children = (
				3F5E8F2B1B52D6D1002E08FF /* Info.plist */,
				3FA6208C1B53FA630037284C /* Localizable.strings */,
			);
			name = "Supporting Files";
			sourceTree = "<group>";
		};
		3F5E8F3F1B52D6D1002E08FF /* ShopmiumTests */ = {
			isa = PBXGroup;
			children = (
				3F5E8F421B52D6D1002E08FF /* ShopmiumTests.swift */,
				3F5E8F401B52D6D1002E08FF /* Supporting Files */,
			);
			path = ShopmiumTests;
			sourceTree = "<group>";
		};
		3F5E8F401B52D6D1002E08FF /* Supporting Files */ = {
			isa = PBXGroup;
			children = (
				3F5E8F411B52D6D1002E08FF /* Info.plist */,
			);
			name = "Supporting Files";
			sourceTree = "<group>";
		};
		3F5E8F4E1B52E769002E08FF /* ObjC */ = {
			isa = PBXGroup;
			children = (
				3F5E8F4F1B52E769002E08FF /* Category */,
			);
			path = ObjC;
			sourceTree = "<group>";
		};
		3F5E8F4F1B52E769002E08FF /* Category */ = {
			isa = PBXGroup;
			children = (
				3F5E8F501B52E777002E08FF /* Shopmium-Bridging-Header.h */,
				3F5E8F541B52E819002E08FF /* UIView+XibConfiguration.h */,
				3F5E8F551B52E819002E08FF /* UIView+XibConfiguration.m */,
			);
			path = Category;
			sourceTree = "<group>";
		};
		3F5E8F591B52FB61002E08FF /* ViewControllers */ = {
			isa = PBXGroup;
			children = (
				3F5E8F2E1B52D6D1002E08FF /* StartupViewController.swift */,
				3F5E8F571B52FB54002E08FF /* SignupViewController.swift */,
				3F7E6BEA1B53E0AC008F05C7 /* RootMenuViewController.swift */,
				3F7E6BEC1B53E0DF008F05C7 /* LeftMenuViewController.swift */,
				3F7E6BEE1B53E14A008F05C7 /* CentralViewController.swift */,
			);
			name = ViewControllers;
			sourceTree = "<group>";
		};
		3F7E6BD71B53BC86008F05C7 /* Models */ = {
			isa = PBXGroup;
			children = (
				3F7E6BD81B53BCCD008F05C7 /* User.swift */,
			);
			name = Models;
			sourceTree = "<group>";
		};
		3F7E6BDA1B53BF26008F05C7 /* Managers */ = {
			isa = PBXGroup;
			children = (
				3F7E6BDB1B53BF5D008F05C7 /* AccountManager.swift */,
			);
			name = Managers;
			sourceTree = "<group>";
		};
		3F7E6BDD1B53C9CE008F05C7 /* Extensions */ = {
			isa = PBXGroup;
			children = (
				3F7E6BDE1B53C9CE008F05C7 /* ArrayExtensions.swift */,
				3F7E6BE01B53C9CE008F05C7 /* RACExtensions.swift */,
				3F7E6BE11B53C9CE008F05C7 /* SwiftExtensions.swift */,
				3F7E6BE21B53C9CF008F05C7 /* UIViewExtensions.swift */,
				3F7E6BE81B53CB3D008F05C7 /* StringExtensions.swift */,
			);
			path = Extensions;
			sourceTree = "<group>";
		};
		BE2D05A7AC713B10230F993E /* Pods */ = {
			isa = PBXGroup;
			children = (
				10A45D914D478AA477107AB4 /* Pods-Shopmium.debug.xcconfig */,
				6DEF70246C21B2C3D8970CB0 /* Pods-Shopmium.release.xcconfig */,
			);
			name = Pods;
			sourceTree = "<group>";
		};
/* End PBXGroup section */

/* Begin PBXNativeTarget section */
		3F5E8F261B52D6D1002E08FF /* Shopmium */ = {
			isa = PBXNativeTarget;
			buildConfigurationList = 3F5E8F461B52D6D1002E08FF /* Build configuration list for PBXNativeTarget "Shopmium" */;
			buildPhases = (
				CFB01D04087BE32CCB7B9CE8 /* Check Pods Manifest.lock */,
				3F5E8F231B52D6D1002E08FF /* Sources */,
				3F5E8F241B52D6D1002E08FF /* Frameworks */,
				3F5E8F251B52D6D1002E08FF /* Resources */,
				3771FD286827A651C74821E0 /* Copy Pods Resources */,
				9B63471143F3682D64346CF4 /* Embed Pods Frameworks */,
			);
			buildRules = (
			);
			dependencies = (
			);
			name = Shopmium;
			productName = Shopmium;
			productReference = 3F5E8F271B52D6D1002E08FF /* Shopmium.app */;
			productType = "com.apple.product-type.application";
		};
		3F5E8F3B1B52D6D1002E08FF /* ShopmiumTests */ = {
			isa = PBXNativeTarget;
			buildConfigurationList = 3F5E8F491B52D6D1002E08FF /* Build configuration list for PBXNativeTarget "ShopmiumTests" */;
			buildPhases = (
				3F5E8F381B52D6D1002E08FF /* Sources */,
				3F5E8F391B52D6D1002E08FF /* Frameworks */,
				3F5E8F3A1B52D6D1002E08FF /* Resources */,
			);
			buildRules = (
			);
			dependencies = (
				3F5E8F3E1B52D6D1002E08FF /* PBXTargetDependency */,
			);
			name = ShopmiumTests;
			productName = ShopmiumTests;
			productReference = 3F5E8F3C1B52D6D1002E08FF /* ShopmiumTests.xctest */;
			productType = "com.apple.product-type.bundle.unit-test";
		};
/* End PBXNativeTarget section */

/* Begin PBXProject section */
		3F5E8F1F1B52D6D1002E08FF /* Project object */ = {
			isa = PBXProject;
			attributes = {
				LastUpgradeCheck = 0630;
				ORGANIZATIONNAME = "Amine Bezzarga";
				TargetAttributes = {
					3F5E8F261B52D6D1002E08FF = {
						CreatedOnToolsVersion = 6.3.2;
					};
					3F5E8F3B1B52D6D1002E08FF = {
						CreatedOnToolsVersion = 6.3.2;
						TestTargetID = 3F5E8F261B52D6D1002E08FF;
					};
				};
			};
			buildConfigurationList = 3F5E8F221B52D6D1002E08FF /* Build configuration list for PBXProject "Shopmium" */;
			compatibilityVersion = "Xcode 3.2";
			developmentRegion = English;
			hasScannedForEncodings = 0;
			knownRegions = (
				en,
				Base,
			);
			mainGroup = 3F5E8F1E1B52D6D1002E08FF;
			productRefGroup = 3F5E8F281B52D6D1002E08FF /* Products */;
			projectDirPath = "";
			projectRoot = "";
			targets = (
				3F5E8F261B52D6D1002E08FF /* Shopmium */,
				3F5E8F3B1B52D6D1002E08FF /* ShopmiumTests */,
			);
		};
/* End PBXProject section */

/* Begin PBXResourcesBuildPhase section */
		3F5E8F251B52D6D1002E08FF /* Resources */ = {
			isa = PBXResourcesBuildPhase;
			buildActionMask = 2147483647;
			files = (
				3F5E8F321B52D6D1002E08FF /* Main.storyboard in Resources */,
				3FA6208A1B53FA630037284C /* Localizable.strings in Resources */,
				3F5E8F371B52D6D1002E08FF /* LaunchScreen.xib in Resources */,
				3F5E8F341B52D6D1002E08FF /* Images.xcassets in Resources */,
			);
			runOnlyForDeploymentPostprocessing = 0;
		};
		3F5E8F3A1B52D6D1002E08FF /* Resources */ = {
			isa = PBXResourcesBuildPhase;
			buildActionMask = 2147483647;
			files = (
			);
			runOnlyForDeploymentPostprocessing = 0;
		};
/* End PBXResourcesBuildPhase section */

/* Begin PBXShellScriptBuildPhase section */
		3771FD286827A651C74821E0 /* Copy Pods Resources */ = {
			isa = PBXShellScriptBuildPhase;
			buildActionMask = 2147483647;
			files = (
			);
			inputPaths = (
			);
			name = "Copy Pods Resources";
			outputPaths = (
			);
			runOnlyForDeploymentPostprocessing = 0;
			shellPath = /bin/sh;
			shellScript = "\"${SRCROOT}/Pods/Target Support Files/Pods-Shopmium/Pods-Shopmium-resources.sh\"\n";
			showEnvVarsInLog = 0;
		};
		9B63471143F3682D64346CF4 /* Embed Pods Frameworks */ = {
			isa = PBXShellScriptBuildPhase;
			buildActionMask = 2147483647;
			files = (
			);
			inputPaths = (
			);
			name = "Embed Pods Frameworks";
			outputPaths = (
			);
			runOnlyForDeploymentPostprocessing = 0;
			shellPath = /bin/sh;
			shellScript = "\"${SRCROOT}/Pods/Target Support Files/Pods-Shopmium/Pods-Shopmium-frameworks.sh\"\n";
			showEnvVarsInLog = 0;
		};
		CFB01D04087BE32CCB7B9CE8 /* Check Pods Manifest.lock */ = {
			isa = PBXShellScriptBuildPhase;
			buildActionMask = 2147483647;
			files = (
			);
			inputPaths = (
			);
			name = "Check Pods Manifest.lock";
			outputPaths = (
			);
			runOnlyForDeploymentPostprocessing = 0;
			shellPath = /bin/sh;
			shellScript = "diff \"${PODS_ROOT}/../Podfile.lock\" \"${PODS_ROOT}/Manifest.lock\" > /dev/null\nif [[ $? != 0 ]] ; then\n    cat << EOM\nerror: The sandbox is not in sync with the Podfile.lock. Run 'pod install' or update your CocoaPods installation.\nEOM\n    exit 1\nfi\n";
			showEnvVarsInLog = 0;
		};
/* End PBXShellScriptBuildPhase section */

/* Begin PBXSourcesBuildPhase section */
		3F5E8F231B52D6D1002E08FF /* Sources */ = {
			isa = PBXSourcesBuildPhase;
			buildActionMask = 2147483647;
			files = (
				3F7E6BE91B53CB3D008F05C7 /* StringExtensions.swift in Sources */,
				3F7E6BE71B53C9CF008F05C7 /* UIViewExtensions.swift in Sources */,
				3F7E6BEB1B53E0AC008F05C7 /* RootMenuViewController.swift in Sources */,
				3F5E8F2F1B52D6D1002E08FF /* StartupViewController.swift in Sources */,
				3F5E8F561B52E819002E08FF /* UIView+XibConfiguration.m in Sources */,
				3F7E6BE31B53C9CF008F05C7 /* ArrayExtensions.swift in Sources */,
				3F5E8F581B52FB54002E08FF /* SignupViewController.swift in Sources */,
				3F7E6BD91B53BCCD008F05C7 /* User.swift in Sources */,
				3F5E8F2D1B52D6D1002E08FF /* AppDelegate.swift in Sources */,
				3F7E6BDC1B53BF5D008F05C7 /* AccountManager.swift in Sources */,
				3F7E6BEF1B53E14A008F05C7 /* CentralViewController.swift in Sources */,
				3F7E6BED1B53E0DF008F05C7 /* LeftMenuViewController.swift in Sources */,
				3F7E6BE61B53C9CF008F05C7 /* SwiftExtensions.swift in Sources */,
				3F7E6BE51B53C9CF008F05C7 /* RACExtensions.swift in Sources */,
			);
			runOnlyForDeploymentPostprocessing = 0;
		};
		3F5E8F381B52D6D1002E08FF /* Sources */ = {
			isa = PBXSourcesBuildPhase;
			buildActionMask = 2147483647;
			files = (
				3F5E8F431B52D6D1002E08FF /* ShopmiumTests.swift in Sources */,
			);
			runOnlyForDeploymentPostprocessing = 0;
		};
/* End PBXSourcesBuildPhase section */

/* Begin PBXTargetDependency section */
		3F5E8F3E1B52D6D1002E08FF /* PBXTargetDependency */ = {
			isa = PBXTargetDependency;
			target = 3F5E8F261B52D6D1002E08FF /* Shopmium */;
			targetProxy = 3F5E8F3D1B52D6D1002E08FF /* PBXContainerItemProxy */;
		};
/* End PBXTargetDependency section */

/* Begin PBXVariantGroup section */
		3F5E8F301B52D6D1002E08FF /* Main.storyboard */ = {
			isa = PBXVariantGroup;
			children = (
				3F5E8F311B52D6D1002E08FF /* Base */,
				3FA620921B53FE2A0037284C /* en */,
			);
			name = Main.storyboard;
			sourceTree = "<group>";
		};
		3F5E8F351B52D6D1002E08FF /* LaunchScreen.xib */ = {
			isa = PBXVariantGroup;
			children = (
				3F5E8F361B52D6D1002E08FF /* Base */,
			);
			name = LaunchScreen.xib;
			sourceTree = "<group>";
		};
		3FA6208C1B53FA630037284C /* Localizable.strings */ = {
			isa = PBXVariantGroup;
			children = (
				3FA6208B1B53FA630037284C /* Base */,
				3FA6208E1B53FA780037284C /* en */,
			);
			name = Localizable.strings;
			sourceTree = "<group>";
		};
/* End PBXVariantGroup section */

/* Begin XCBuildConfiguration section */
		3F5E8F441B52D6D1002E08FF /* Debug */ = {
			isa = XCBuildConfiguration;
			buildSettings = {
				ALWAYS_SEARCH_USER_PATHS = NO;
				CLANG_CXX_LANGUAGE_STANDARD = "gnu++0x";
				CLANG_CXX_LIBRARY = "libc++";
				CLANG_ENABLE_MODULES = YES;
				CLANG_ENABLE_OBJC_ARC = YES;
				CLANG_WARN_BOOL_CONVERSION = YES;
				CLANG_WARN_CONSTANT_CONVERSION = YES;
				CLANG_WARN_DIRECT_OBJC_ISA_USAGE = YES_ERROR;
				CLANG_WARN_EMPTY_BODY = YES;
				CLANG_WARN_ENUM_CONVERSION = YES;
				CLANG_WARN_INT_CONVERSION = YES;
				CLANG_WARN_OBJC_ROOT_CLASS = YES_ERROR;
				CLANG_WARN_UNREACHABLE_CODE = YES;
				CLANG_WARN__DUPLICATE_METHOD_MATCH = YES;
				"CODE_SIGN_IDENTITY[sdk=iphoneos*]" = "iPhone Developer";
				COPY_PHASE_STRIP = NO;
				DEBUG_INFORMATION_FORMAT = "dwarf-with-dsym";
				ENABLE_STRICT_OBJC_MSGSEND = YES;
				GCC_C_LANGUAGE_STANDARD = gnu99;
				GCC_DYNAMIC_NO_PIC = NO;
				GCC_NO_COMMON_BLOCKS = YES;
				GCC_OPTIMIZATION_LEVEL = 0;
				GCC_PREPROCESSOR_DEFINITIONS = (
					"DEBUG=1",
					"$(inherited)",
				);
				GCC_SYMBOLS_PRIVATE_EXTERN = NO;
				GCC_WARN_64_TO_32_BIT_CONVERSION = YES;
				GCC_WARN_ABOUT_RETURN_TYPE = YES_ERROR;
				GCC_WARN_UNDECLARED_SELECTOR = YES;
				GCC_WARN_UNINITIALIZED_AUTOS = YES_AGGRESSIVE;
				GCC_WARN_UNUSED_FUNCTION = YES;
				GCC_WARN_UNUSED_VARIABLE = YES;
				IPHONEOS_DEPLOYMENT_TARGET = 8.3;
				MTL_ENABLE_DEBUG_INFO = YES;
				ONLY_ACTIVE_ARCH = YES;
				SDKROOT = iphoneos;
				SWIFT_OPTIMIZATION_LEVEL = "-Onone";
				TARGETED_DEVICE_FAMILY = "1,2";
			};
			name = Debug;
		};
		3F5E8F451B52D6D1002E08FF /* Release */ = {
			isa = XCBuildConfiguration;
			buildSettings = {
				ALWAYS_SEARCH_USER_PATHS = NO;
				CLANG_CXX_LANGUAGE_STANDARD = "gnu++0x";
				CLANG_CXX_LIBRARY = "libc++";
				CLANG_ENABLE_MODULES = YES;
				CLANG_ENABLE_OBJC_ARC = YES;
				CLANG_WARN_BOOL_CONVERSION = YES;
				CLANG_WARN_CONSTANT_CONVERSION = YES;
				CLANG_WARN_DIRECT_OBJC_ISA_USAGE = YES_ERROR;
				CLANG_WARN_EMPTY_BODY = YES;
				CLANG_WARN_ENUM_CONVERSION = YES;
				CLANG_WARN_INT_CONVERSION = YES;
				CLANG_WARN_OBJC_ROOT_CLASS = YES_ERROR;
				CLANG_WARN_UNREACHABLE_CODE = YES;
				CLANG_WARN__DUPLICATE_METHOD_MATCH = YES;
				"CODE_SIGN_IDENTITY[sdk=iphoneos*]" = "iPhone Developer";
				COPY_PHASE_STRIP = NO;
				DEBUG_INFORMATION_FORMAT = "dwarf-with-dsym";
				ENABLE_NS_ASSERTIONS = NO;
				ENABLE_STRICT_OBJC_MSGSEND = YES;
				GCC_C_LANGUAGE_STANDARD = gnu99;
				GCC_NO_COMMON_BLOCKS = YES;
				GCC_WARN_64_TO_32_BIT_CONVERSION = YES;
				GCC_WARN_ABOUT_RETURN_TYPE = YES_ERROR;
				GCC_WARN_UNDECLARED_SELECTOR = YES;
				GCC_WARN_UNINITIALIZED_AUTOS = YES_AGGRESSIVE;
				GCC_WARN_UNUSED_FUNCTION = YES;
				GCC_WARN_UNUSED_VARIABLE = YES;
				IPHONEOS_DEPLOYMENT_TARGET = 8.3;
				MTL_ENABLE_DEBUG_INFO = NO;
				SDKROOT = iphoneos;
				TARGETED_DEVICE_FAMILY = "1,2";
				VALIDATE_PRODUCT = YES;
			};
			name = Release;
		};
		3F5E8F471B52D6D1002E08FF /* Debug */ = {
			isa = XCBuildConfiguration;
			baseConfigurationReference = 10A45D914D478AA477107AB4 /* Pods-Shopmium.debug.xcconfig */;
			buildSettings = {
				ASSETCATALOG_COMPILER_APPICON_NAME = AppIcon;
				CLANG_ENABLE_MODULES = YES;
				FRAMEWORK_SEARCH_PATHS = (
					"$(inherited)",
					"$(PROJECT_DIR)/build/Debug-iphoneos/Pods-Shopmium",
				);
				INFOPLIST_FILE = Shopmium/Info.plist;
				LD_RUNPATH_SEARCH_PATHS = "$(inherited) @executable_path/Frameworks";
				PRODUCT_NAME = "$(TARGET_NAME)";
				SWIFT_OBJC_BRIDGING_HEADER = "Shopmium/ObjC/Category/Shopmium-Bridging-Header.h";
				SWIFT_OPTIMIZATION_LEVEL = "-Onone";
			};
			name = Debug;
		};
		3F5E8F481B52D6D1002E08FF /* Release */ = {
			isa = XCBuildConfiguration;
			baseConfigurationReference = 6DEF70246C21B2C3D8970CB0 /* Pods-Shopmium.release.xcconfig */;
			buildSettings = {
				ASSETCATALOG_COMPILER_APPICON_NAME = AppIcon;
				CLANG_ENABLE_MODULES = YES;
				FRAMEWORK_SEARCH_PATHS = (
					"$(inherited)",
					"$(PROJECT_DIR)/build/Debug-iphoneos/Pods-Shopmium",
				);
				INFOPLIST_FILE = Shopmium/Info.plist;
				LD_RUNPATH_SEARCH_PATHS = "$(inherited) @executable_path/Frameworks";
				PRODUCT_NAME = "$(TARGET_NAME)";
				SWIFT_OBJC_BRIDGING_HEADER = "Shopmium/ObjC/Category/Shopmium-Bridging-Header.h";
			};
			name = Release;
		};
		3F5E8F4A1B52D6D1002E08FF /* Debug */ = {
			isa = XCBuildConfiguration;
			buildSettings = {
				BUNDLE_LOADER = "$(TEST_HOST)";
				FRAMEWORK_SEARCH_PATHS = (
					"$(SDKROOT)/Developer/Library/Frameworks",
					"$(inherited)",
				);
				GCC_PREPROCESSOR_DEFINITIONS = (
					"DEBUG=1",
					"$(inherited)",
				);
				INFOPLIST_FILE = ShopmiumTests/Info.plist;
				LD_RUNPATH_SEARCH_PATHS = "$(inherited) @executable_path/Frameworks @loader_path/Frameworks";
				PRODUCT_NAME = "$(TARGET_NAME)";
				TEST_HOST = "$(BUILT_PRODUCTS_DIR)/Shopmium.app/Shopmium";
			};
			name = Debug;
		};
		3F5E8F4B1B52D6D1002E08FF /* Release */ = {
			isa = XCBuildConfiguration;
			buildSettings = {
				BUNDLE_LOADER = "$(TEST_HOST)";
				FRAMEWORK_SEARCH_PATHS = (
					"$(SDKROOT)/Developer/Library/Frameworks",
					"$(inherited)",
				);
				INFOPLIST_FILE = ShopmiumTests/Info.plist;
				LD_RUNPATH_SEARCH_PATHS = "$(inherited) @executable_path/Frameworks @loader_path/Frameworks";
				PRODUCT_NAME = "$(TARGET_NAME)";
				TEST_HOST = "$(BUILT_PRODUCTS_DIR)/Shopmium.app/Shopmium";
			};
			name = Release;
		};
/* End XCBuildConfiguration section */

/* Begin XCConfigurationList section */
		3F5E8F221B52D6D1002E08FF /* Build configuration list for PBXProject "Shopmium" */ = {
			isa = XCConfigurationList;
			buildConfigurations = (
				3F5E8F441B52D6D1002E08FF /* Debug */,
				3F5E8F451B52D6D1002E08FF /* Release */,
			);
			defaultConfigurationIsVisible = 0;
			defaultConfigurationName = Release;
		};
		3F5E8F461B52D6D1002E08FF /* Build configuration list for PBXNativeTarget "Shopmium" */ = {
			isa = XCConfigurationList;
			buildConfigurations = (
				3F5E8F471B52D6D1002E08FF /* Debug */,
				3F5E8F481B52D6D1002E08FF /* Release */,
			);
			defaultConfigurationIsVisible = 0;
			defaultConfigurationName = Release;
		};
		3F5E8F491B52D6D1002E08FF /* Build configuration list for PBXNativeTarget "ShopmiumTests" */ = {
			isa = XCConfigurationList;
			buildConfigurations = (
				3F5E8F4A1B52D6D1002E08FF /* Debug */,
				3F5E8F4B1B52D6D1002E08FF /* Release */,
			);
			defaultConfigurationIsVisible = 0;
			defaultConfigurationName = Release;
		};
/* End XCConfigurationList section */
	};
	rootObject = 3F5E8F1F1B52D6D1002E08FF /* Project object */;
}
